
Microsoft Visual Studio Solution File, Format Version 12.00
Project("{FAE04EC0-301F-11D3-BF4B-00C04F79EFBC}") = "ExmoNet.Domain", "src\ExmoNet.Domain\ExmoNet.Domain.csproj", "{B36D3073-3B53-4788-A2EC-B8253E2FB6B2}"
EndProject
Project("{FAE04EC0-301F-11D3-BF4B-00C04F79EFBC}") = "ExmoNet.Application", "src\ExmoNet.Application\ExmoNet.Application.csproj", "{F080218D-D7CA-4ADE-887C-90B9DAFE587F}"
EndProject
Project("{FAE04EC0-301F-11D3-BF4B-00C04F79EFBC}") = "ExmoNet.Application.UnitTests", "tests\ExmoNet.Application.UnitTests\ExmoNet.Application.UnitTests.csproj", "{52DE6405-DCB6-4C63-9C96-8E0428978424}"
EndProject
Project("{FAE04EC0-301F-11D3-BF4B-00C04F79EFBC}") = "ExmoNet.Cli", "src\ExmoNet.Cli\ExmoNet.Cli.csproj", "{0313AB29-0984-4E3E-8987-73C3CF52F9D3}"
EndProject
Project("{2150E333-8FDC-42A3-9474-1A3956D46DE8}") = "src", "src", "{B31EF640-51AC-4C33-81EF-B508768FAC73}"
EndProject
Project("{2150E333-8FDC-42A3-9474-1A3956D46DE8}") = "tests", "tests", "{AD194551-0EA9-4B13-A43B-9925970EB8DD}"
EndProject
Global
	GlobalSection(SolutionConfigurationPlatforms) = preSolution
		Debug|Any CPU = Debug|Any CPU
		Release|Any CPU = Release|Any CPU
	EndGlobalSection
	GlobalSection(ProjectConfigurationPlatforms) = postSolution
		{B36D3073-3B53-4788-A2EC-B8253E2FB6B2}.Debug|Any CPU.ActiveCfg = Debug|Any CPU
		{B36D3073-3B53-4788-A2EC-B8253E2FB6B2}.Debug|Any CPU.Build.0 = Debug|Any CPU
		{B36D3073-3B53-4788-A2EC-B8253E2FB6B2}.Release|Any CPU.ActiveCfg = Release|Any CPU
		{B36D3073-3B53-4788-A2EC-B8253E2FB6B2}.Release|Any CPU.Build.0 = Release|Any CPU
		{F080218D-D7CA-4ADE-887C-90B9DAFE587F}.Debug|Any CPU.ActiveCfg = Debug|Any CPU
		{F080218D-D7CA-4ADE-887C-90B9DAFE587F}.Debug|Any CPU.Build.0 = Debug|Any CPU
		{F080218D-D7CA-4ADE-887C-90B9DAFE587F}.Release|Any CPU.ActiveCfg = Release|Any CPU
		{F080218D-D7CA-4ADE-887C-90B9DAFE587F}.Release|Any CPU.Build.0 = Release|Any CPU
		{52DE6405-DCB6-4C63-9C96-8E0428978424}.Debug|Any CPU.ActiveCfg = Debug|Any CPU
		{52DE6405-DCB6-4C63-9C96-8E0428978424}.Debug|Any CPU.Build.0 = Debug|Any CPU
		{52DE6405-DCB6-4C63-9C96-8E0428978424}.Release|Any CPU.ActiveCfg = Release|Any CPU
		{52DE6405-DCB6-4C63-9C96-8E0428978424}.Release|Any CPU.Build.0 = Release|Any CPU
		{0313AB29-0984-4E3E-8987-73C3CF52F9D3}.Debug|Any CPU.ActiveCfg = Debug|Any CPU
		{0313AB29-0984-4E3E-8987-73C3CF52F9D3}.Debug|Any CPU.Build.0 = Debug|Any CPU
		{0313AB29-0984-4E3E-8987-73C3CF52F9D3}.Release|Any CPU.ActiveCfg = Release|Any CPU
		{0313AB29-0984-4E3E-8987-73C3CF52F9D3}.Release|Any CPU.Build.0 = Release|Any CPU
	EndGlobalSection
	GlobalSection(NestedProjects) = preSolution
		{F080218D-D7CA-4ADE-887C-90B9DAFE587F} = {B31EF640-51AC-4C33-81EF-B508768FAC73}
		{0313AB29-0984-4E3E-8987-73C3CF52F9D3} = {B31EF640-51AC-4C33-81EF-B508768FAC73}
		{B36D3073-3B53-4788-A2EC-B8253E2FB6B2} = {B31EF640-51AC-4C33-81EF-B508768FAC73}
		{52DE6405-DCB6-4C63-9C96-8E0428978424} = {AD194551-0EA9-4B13-A43B-9925970EB8DD}
	EndGlobalSection
EndGlobal
